
Microsoft Visual Studio Solution File, Format Version 12.00
# Visual Studio Version 17
VisualStudioVersion = 17.3.32929.385
MinimumVisualStudioVersion = 10.0.40219.1
Project("{FAE04EC0-301F-11D3-BF4B-00C04F79EFBC}") = "PrimalBeats", "PrimalBeats\PrimalBeats.csproj", "{27F6D390-DF72-4B3B-B19D-F0DBA6238037}"
EndProject
Global
	GlobalSection(SolutionConfigurationPlatforms) = preSolution
		Debug|Any CPU = Debug|Any CPU
		Release|Any CPU = Release|Any CPU
	EndGlobalSection
	GlobalSection(ProjectConfigurationPlatforms) = postSolution
		{27F6D390-DF72-4B3B-B19D-F0DBA6238037}.Debug|Any CPU.ActiveCfg = Debug|Any CPU
		{27F6D390-DF72-4B3B-B19D-F0DBA6238037}.Debug|Any CPU.Build.0 = Debug|Any CPU
		{27F6D390-DF72-4B3B-B19D-F0DBA6238037}.Release|Any CPU.ActiveCfg = Release|Any CPU
		{27F6D390-DF72-4B3B-B19D-F0DBA6238037}.Release|Any CPU.Build.0 = Release|Any CPU
	EndGlobalSection
	GlobalSection(SolutionProperties) = preSolution
		HideSolutionNode = FALSE
	EndGlobalSection
	GlobalSection(ExtensibilityGlobals) = postSolution
		SolutionGuid = {4B9E7B60-C3CD-4EAB-B6BB-D1DCED59A687}
	EndGlobalSection
EndGlobal
